Microsoft Visual Studio Solution File, Format Version 12.00
# Visual Studio 15
VisualStudioVersion = 15.0.26430.14
MinimumVisualStudioVersion = 10.0.40219.1
Project("{FAE04EC0-301F-11D3-BF4B-00C04F79EFBC}") = "Verizon.Standard", "Verizon.Standard/Verizon.Standard.csproj", "{689de58e-8d2f-4062-a7c6-5e520cc025dc}"
EndProject
Global
    GlobalSection(SolutionConfigurationPlatforms) = preSolution
        Debug|Any CPU = Debug|Any CPU
        Release|Any CPU = Release|Any CPU
    EndGlobalSection
    GlobalSection(ProjectConfigurationPlatforms) = postSolution
        {689de58e-8d2f-4062-a7c6-5e520cc025dc}.Debug|Any CPU.ActiveCfg = Debug|Any CPU
        {689de58e-8d2f-4062-a7c6-5e520cc025dc}.Debug|Any CPU.Build.0 = Debug|Any CPU
        {689de58e-8d2f-4062-a7c6-5e520cc025dc}.Release|Any CPU.ActiveCfg = Release|Any CPU
        {689de58e-8d2f-4062-a7c6-5e520cc025dc}.Release|Any CPU.Build.0 = Release|Any CPU
    EndGlobalSection
    GlobalSection(SolutionProperties) = preSolution
        HideSolutionNode = FALSE
    EndGlobalSection
EndGlobal
